
Microsoft Visual Studio Solution File, Format Version 12.00
# Visual Studio 15
VisualStudioVersion = 15.0.34031.82
MinimumVisualStudioVersion = 10.0.40219.1
Project("{FAE04EC0-301F-11D3-BF4B-00C04F79EFBC}") = "ErpSigmaVenda", "vendaProduto\ErpSigmaVenda.csproj", "{6E697492-0EA8-4CAD-9D2C-F6F1DDFB040B}"
EndProject
Global
	GlobalSection(SolutionConfigurationPlatforms) = preSolution
		Debug|Any CPU = Debug|Any CPU
		Release|Any CPU = Release|Any CPU
	EndGlobalSection
	GlobalSection(ProjectConfigurationPlatforms) = postSolution
		{6E697492-0EA8-4CAD-9D2C-F6F1DDFB040B}.Debug|Any CPU.ActiveCfg = Debug|Any CPU
		{6E697492-0EA8-4CAD-9D2C-F6F1DDFB040B}.Debug|Any CPU.Build.0 = Debug|Any CPU
		{6E697492-0EA8-4CAD-9D2C-F6F1DDFB040B}.Release|Any CPU.ActiveCfg = Release|Any CPU
		{6E697492-0EA8-4CAD-9D2C-F6F1DDFB040B}.Release|Any CPU.Build.0 = Release|Any CPU
	EndGlobalSection
	GlobalSection(SolutionProperties) = preSolution
		HideSolutionNode = FALSE
	EndGlobalSection
	GlobalSection(ExtensibilityGlobals) = postSolution
		SolutionGuid = {AED128B3-A737-4A8D-ACF2-1B2F5318CA11}
	EndGlobalSection
EndGlobal
